Microsoft Visual Studio Solution File, Format Version 12.00
# Visual Studio Version 17
VisualStudioVersion = 17.5.2.0
MinimumVisualStudioVersion = 10.0.40219.1
Project("{FAE04EC0-301F-11D3-BF4B-00C04F79EFBC}") = "myForum", "myForum.csproj", "{EAFBC0DA-7662-0B21-19C9-97638316C553}"
EndProject
Global
	GlobalSection(SolutionConfigurationPlatforms) = preSolution
		Debug|Any CPU = Debug|Any CPU
		Release|Any CPU = Release|Any CPU
	EndGlobalSection
	GlobalSection(ProjectConfigurationPlatforms) = postSolution
		{EAFBC0DA-7662-0B21-19C9-97638316C553}.Debug|Any CPU.ActiveCfg = Debug|Any CPU
		{EAFBC0DA-7662-0B21-19C9-97638316C553}.Debug|Any CPU.Build.0 = Debug|Any CPU
		{EAFBC0DA-7662-0B21-19C9-97638316C553}.Release|Any CPU.ActiveCfg = Release|Any CPU
		{EAFBC0DA-7662-0B21-19C9-97638316C553}.Release|Any CPU.Build.0 = Release|Any CPU
	EndGlobalSection
	GlobalSection(SolutionProperties) = preSolution
		HideSolutionNode = FALSE
	EndGlobalSection
	GlobalSection(ExtensibilityGlobals) = postSolution
		SolutionGuid = {C37A1BBA-3DBF-43D3-AB74-8C69BFE0EB5B}
	EndGlobalSection
EndGlobal
